<?xml version="1.0" encoding="utf-8"?>
<Project ToolsVersion="4.0" xmlns="http://schemas.microsoft.com/developer/msbuild/2003">
  <ItemGroup>
    <Filter Include="Source Files">
      <UniqueIdentifier>{f79e5202-39f2-4b78-87f6-f822af8ee4e7}</UniqueIdentifier>
      <Extensions>cpp;c;cxx;rc;def;r;odl;idl;hpj;bat</Extensions>
    </Filter>
    <Filter Include="Header Files">
      <UniqueIdentifier>{f7f2c4b7-bff5-426a-8d5a-7c158689d0cd}</UniqueIdentifier>
      <Extensions>h;hpp;hxx;hm;inl</Extensions>
    </Filter>
  </ItemGroup>
  <ItemGroup>
    <ClInclude Include="CFile.h">
      <Filter>Source Files</Filter>
    </ClInclude>
    <ClInclude Include="CString.h">
      <Filter>Source Files</Filter>
    </ClInclude>
    <ClInclude Include="..\DiffEngine.h">
      <Filter>Source Files</Filter>
    </ClInclude>
    <ClInclude Include="..\FilePartition.h">
      <Filter>Source Files</Filter>
    </ClInclude>
    <ClInclude Include="..\Templates.h">
      <Filter>Source Files</Filter>
    </ClInclude>
    <ClInclude Include="StdAfx.h">
      <Filter>Header Files</Filter>
    </ClInclude>
  </ItemGroup>
  <ItemGroup>
    <ClCompile Include="..\DiffEngine.cpp">
      <Filter>Source Files</Filter>
    </ClCompile>
    <ClCompile Include="..\FilePartition.cpp">
      <Filter>Source Files</Filter>
    </ClCompile>
    <ClCompile Include="StdAfx.cpp">
      <Filter>Source Files</Filter>
    </ClCompile>
  </ItemGroup>
</Project>