<?xml version="1.0" encoding="utf-8"?>
<Project ToolsVersion="4.0" xmlns="http://schemas.microsoft.com/developer/msbuild/2003">
  <ItemGroup>
    <Filter Include="GUI">
      <UniqueIdentifier>{bed85999-78b5-49ba-9838-bde33b4524ad}</UniqueIdentifier>
      <Extensions>cpp;c;cxx;rc;def;r;odl;idl;hpj;bat</Extensions>
    </Filter>
    <Filter Include="Resource Files">
      <UniqueIdentifier>{4c952e58-8b5b-41f2-80df-70d972966a42}</UniqueIdentifier>
      <Extensions>ico;cur;bmp;dlg;rc2;rct;bin;rgs;gif;jpg;jpeg;jpe</Extensions>
    </Filter>
    <Filter Include="diff engine">
      <UniqueIdentifier>{56aed124-7c96-4dfe-8e19-4c8873ab7680}</UniqueIdentifier>
    </Filter>
  </ItemGroup>
  <ItemGroup>
    <ClInclude Include="Resource.h">
      <Filter>GUI</Filter>
    </ClInclude>
    <ClInclude Include="StdAfx.h">
      <Filter>GUI</Filter>
    </ClInclude>
    <ClInclude Include="Templates.h">
      <Filter>GUI</Filter>
    </ClInclude>
    <ClInclude Include="diff.h">
      <Filter>GUI</Filter>
    </ClInclude>
    <ClInclude Include="diffDlg.h">
      <Filter>GUI</Filter>
    </ClInclude>
    <ClInclude Include="DiffEngine.h">
      <Filter>diff engine</Filter>
    </ClInclude>
    <ClInclude Include="FilePartition.h">
      <Filter>diff engine</Filter>
    </ClInclude>
  </ItemGroup>
  <ItemGroup>
    <ClCompile Include="StdAfx.cpp">
      <Filter>GUI</Filter>
    </ClCompile>
    <ClCompile Include="diff.cpp">
      <Filter>GUI</Filter>
    </ClCompile>
    <ClCompile Include="diffDlg.cpp">
      <Filter>GUI</Filter>
    </ClCompile>
    <ClCompile Include="DiffEngine.cpp">
      <Filter>diff engine</Filter>
    </ClCompile>
    <ClCompile Include="FilePartition.cpp">
      <Filter>diff engine</Filter>
    </ClCompile>
  </ItemGroup>
  <ItemGroup>
    <ResourceCompile Include="diff.rc">
      <Filter>GUI</Filter>
    </ResourceCompile>
  </ItemGroup>
  <ItemGroup>
    <None Include="res\diff.ico">
      <Filter>Resource Files</Filter>
    </None>
    <None Include="res\diff.rc2">
      <Filter>Resource Files</Filter>
    </None>
  </ItemGroup>
</Project>